
Microsoft Visual Studio Solution File, Format Version 12.00
# Visual Studio 15
VisualStudioVersion = 15.0.27703.2035
MinimumVisualStudioVersion = 10.0.40219.1
Project("{FAE04EC0-301F-11D3-BF4B-00C04F79EFBC}") = "Torneio.view", "Torneio.view\Torneio.view.csproj", "{C9CDEAA0-AD2E-4465-BC62-0A91039408F8}"
EndProject
Project("{FAE04EC0-301F-11D3-BF4B-00C04F79EFBC}") = "Torneio.model", "Torneio.model\Torneio.model.csproj", "{F77AA01C-BFCD-430B-8B44-1F7ACC8E8396}"
EndProject
Global
	GlobalSection(SolutionConfigurationPlatforms) = preSolution
		Debug|Any CPU = Debug|Any CPU
		Release|Any CPU = Release|Any CPU
	EndGlobalSection
	GlobalSection(ProjectConfigurationPlatforms) = postSolution
		{C9CDEAA0-AD2E-4465-BC62-0A91039408F8}.Debug|Any CPU.ActiveCfg = Debug|Any CPU
		{C9CDEAA0-AD2E-4465-BC62-0A91039408F8}.Debug|Any CPU.Build.0 = Debug|Any CPU
		{C9CDEAA0-AD2E-4465-BC62-0A91039408F8}.Release|Any CPU.ActiveCfg = Release|Any CPU
		{C9CDEAA0-AD2E-4465-BC62-0A91039408F8}.Release|Any CPU.Build.0 = Release|Any CPU
		{F77AA01C-BFCD-430B-8B44-1F7ACC8E8396}.Debug|Any CPU.ActiveCfg = Debug|Any CPU
		{F77AA01C-BFCD-430B-8B44-1F7ACC8E8396}.Debug|Any CPU.Build.0 = Debug|Any CPU
		{F77AA01C-BFCD-430B-8B44-1F7ACC8E8396}.Release|Any CPU.ActiveCfg = Release|Any CPU
		{F77AA01C-BFCD-430B-8B44-1F7ACC8E8396}.Release|Any CPU.Build.0 = Release|Any CPU
	EndGlobalSection
	GlobalSection(SolutionProperties) = preSolution
		HideSolutionNode = FALSE
	EndGlobalSection
	GlobalSection(ExtensibilityGlobals) = postSolution
		SolutionGuid = {AA1686EE-B081-44BB-A5F8-A2946C9931DF}
	EndGlobalSection
EndGlobal
